// !$*UTF8*$!
{
	archiveVersion = 1;
	classes = {
	};
	objectVersion = 56;
	objects = {

/* Begin PBXBuildFile section */
		2BD7BD832DDC649300A9F021 /* primo_challenge_iosApp.swift in Sources */ = {isa = PBXBuildFile; fileRef = 2BD7BD822DDC649300A9F021 /* primo_challenge_iosApp.swift */; };
		2BD7BD872DDC649400A9F021 /* Assets.xcassets in Resources */ = {isa = PBXBuildFile; fileRef = 2BD7BD862DDC649400A9F021 /* Assets.xcassets */; };
		2BD7BD8A2DDC649400A9F021 /* Preview Assets.xcassets in Resources */ = {isa = PBXBuildFile; fileRef = 2BD7BD892DDC649400A9F021 /* Preview Assets.xcassets */; };
		2BD7BD9E2DDC649500A9F021 /* primo_challenge_iosUITests.swift in Sources */ = {isa = PBXBuildFile; fileRef = 2BD7BD9D2DDC649500A9F021 /* primo_challenge_iosUITests.swift */; };
		2BD7BDA02DDC649500A9F021 /* primo_challenge_iosUITestsLaunchTests.swift in Sources */ = {isa = PBXBuildFile; fileRef = 2BD7BD9F2DDC649500A9F021 /* primo_challenge_iosUITestsLaunchTests.swift */; };
		2BD7BDBA2DDC752500A9F021 /* ArticleListView.swift in Sources */ = {isa = PBXBuildFile; fileRef = 2BD7BDB92DDC752500A9F021 /* ArticleListView.swift */; };
		2BD7BDBC2DDC79A600A9F021 /* ArticleListViewModel.swift in Sources */ = {isa = PBXBuildFile; fileRef = 2BD7BDBB2DDC79A600A9F021 /* ArticleListViewModel.swift */; };
		2BD7BDBE2DDC803100A9F021 /* Article.swift in Sources */ = {isa = PBXBuildFile; fileRef = 2BD7BDBD2DDC803100A9F021 /* Article.swift */; };
		2BD7BDC02DDC815300A9F021 /* FetchArticlesUseCase.swift in Sources */ = {isa = PBXBuildFile; fileRef = 2BD7BDBF2DDC815300A9F021 /* FetchArticlesUseCase.swift */; };
		2BD7BDC22DDC817E00A9F021 /* ArticlesRepository.swift in Sources */ = {isa = PBXBuildFile; fileRef = 2BD7BDC12DDC817E00A9F021 /* ArticlesRepository.swift */; };
		2BD7BDC42DDC823300A9F021 /* ArticleCoreDataService.swift in Sources */ = {isa = PBXBuildFile; fileRef = 2BD7BDC32DDC823300A9F021 /* ArticleCoreDataService.swift */; };
		2BD7BDC62DDC82D500A9F021 /* PersisenceController.swift in Sources */ = {isa = PBXBuildFile; fileRef = 2BD7BDC52DDC82D500A9F021 /* PersisenceController.swift */; };
		2BD7BDCB2DDC859500A9F021 /* ArticlesRepositoryImpl.swift in Sources */ = {isa = PBXBuildFile; fileRef = 2BD7BDCA2DDC859500A9F021 /* ArticlesRepositoryImpl.swift */; };
		2BD7BDCD2DDC85BD00A9F021 /* ArticleFeedService.swift in Sources */ = {isa = PBXBuildFile; fileRef = 2BD7BDCC2DDC85BD00A9F021 /* ArticleFeedService.swift */; };
		2BD7BDCF2DDC967000A9F021 /* ArticleCardView.swift in Sources */ = {isa = PBXBuildFile; fileRef = 2BD7BDCE2DDC967000A9F021 /* ArticleCardView.swift */; };
		2BD7BDD12DDC967E00A9F021 /* ArticleDetailView.swift in Sources */ = {isa = PBXBuildFile; fileRef = 2BD7BDD02DDC967E00A9F021 /* ArticleDetailView.swift */; };
		2BD7BDD42DDCAA3400A9F021 /* ArticlesDatabase.xcdatamodeld in Sources */ = {isa = PBXBuildFile; fileRef = 2BD7BDD22DDCAA3400A9F021 /* ArticlesDatabase.xcdatamodeld */; };
		2BD7BDE02DDD08B000A9F021 /* String+Extension.swift in Sources */ = {isa = PBXBuildFile; fileRef = 2BD7BDDF2DDD08B000A9F021 /* String+Extension.swift */; };
		2BD7BDE22DDD0E5200A9F021 /* HTMLView.swift in Sources */ = {isa = PBXBuildFile; fileRef = 2BD7BDE12DDD0E5200A9F021 /* HTMLView.swift */; };
		2BD7BDE42DDD19B700A9F021 /* ShimmerViewModifier.swift in Sources */ = {isa = PBXBuildFile; fileRef = 2BD7BDE32DDD19B700A9F021 /* ShimmerViewModifier.swift */; };
		2BD7BDE62DDD19EC00A9F021 /* ArticleCardSkeletonView.swift in Sources */ = {isa = PBXBuildFile; fileRef = 2BD7BDE52DDD19EC00A9F021 /* ArticleCardSkeletonView.swift */; };
		2BD7BDE82DDD77CB00A9F021 /* CapesuleButtonStyle.swift in Sources */ = {isa = PBXBuildFile; fileRef = 2BD7BDE72DDD77CB00A9F021 /* CapesuleButtonStyle.swift */; };
		2BD7BDEC2DDDB41D00A9F021 /* ArticleFeedServiceImplTests.swift in Sources */ = {isa = PBXBuildFile; fileRef = 2BD7BDEB2DDDB41D00A9F021 /* ArticleFeedServiceImplTests.swift */; };
		2BD7BDEE2DDDC66E00A9F021 /* NetworkSession.swift in Sources */ = {isa = PBXBuildFile; fileRef = 2BD7BDED2DDDC66E00A9F021 /* NetworkSession.swift */; };
		2BD7BDF02DDDD5F100A9F021 /* ArticleListViewModelTests.swift in Sources */ = {isa = PBXBuildFile; fileRef = 2BD7BDEF2DDDD5F000A9F021 /* ArticleListViewModelTests.swift */; };
		2BD7BDF22DDDDAAD00A9F021 /* ArticleCoreDataServiceImplTests.swift in Sources */ = {isa = PBXBuildFile; fileRef = 2BD7BDF12DDDDAAD00A9F021 /* ArticleCoreDataServiceImplTests.swift */; };
		2BD7BDF32DDDE03000A9F021 /* ArticlesDatabase.xcdatamodeld in Sources */ = {isa = PBXBuildFile; fileRef = 2BD7BDD22DDCAA3400A9F021 /* ArticlesDatabase.xcdatamodeld */; };
		2BD7BDF62DDE17BD00A9F021 /* Simulator Screenshot - Feeds.png in Resources */ = {isa = PBXBuildFile; fileRef = 2BD7BDF52DDE17BD00A9F021 /* Simulator Screenshot - Feeds.png */; };
		2BD7BDF82DDE17E600A9F021 /* Simulator Screenshot - Details.png in Resources */ = {isa = PBXBuildFile; fileRef = 2BD7BDF72DDE17E600A9F021 /* Simulator Screenshot - Details.png */; };
/* End PBXBuildFile section */

/* Begin PBXContainerItemProxy section */
		2BD7BD902DDC649500A9F021 /* PBXContainerItemProxy */ = {
			isa = PBXContainerItemProxy;
			containerPortal = 2BD7BD772DDC649300A9F021 /* Project object */;
			proxyType = 1;
			remoteGlobalIDString = 2BD7BD7E2DDC649300A9F021;
			remoteInfo = "primo-challenge-ios";
		};
		2BD7BD9A2DDC649500A9F021 /* PBXContainerItemProxy */ = {
			isa = PBXContainerItemProxy;
			containerPortal = 2BD7BD772DDC649300A9F021 /* Project object */;
			proxyType = 1;
			remoteGlobalIDString = 2BD7BD7E2DDC649300A9F021;
			remoteInfo = "primo-challenge-ios";
		};
/* End PBXContainerItemProxy section */

/* Begin PBXFileReference section */
		2BD7BD7F2DDC649300A9F021 /* primo-challenge-ios.app */ = {isa = PBXFileReference; explicitFileType = wrapper.application; includeInIndex = 0; path = "primo-challenge-ios.app"; sourceTree = BUILT_PRODUCTS_DIR; };
		2BD7BD822DDC649300A9F021 /* primo_challenge_iosApp.swift */ = {isa = PBXFileReference; lastKnownFileType = sourcecode.swift; path = primo_challenge_iosApp.swift; sourceTree = "<group>"; };
		2BD7BD862DDC649400A9F021 /* Assets.xcassets */ = {isa = PBXFileReference; lastKnownFileType = folder.assetcatalog; path = Assets.xcassets; sourceTree = "<group>"; };
		2BD7BD892DDC649400A9F021 /* Preview Assets.xcassets */ = {isa = PBXFileReference; lastKnownFileType = folder.assetcatalog; path = "Preview Assets.xcassets"; sourceTree = "<group>"; };
		2BD7BD8F2DDC649500A9F021 /* primo-challenge-iosTests.xctest */ = {isa = PBXFileReference; explicitFileType = wrapper.cfbundle; includeInIndex = 0; path = "primo-challenge-iosTests.xctest"; sourceTree = BUILT_PRODUCTS_DIR; };
		2BD7BD992DDC649500A9F021 /* primo-challenge-iosUITests.xctest */ = {isa = PBXFileReference; explicitFileType = wrapper.cfbundle; includeInIndex = 0; path = "primo-challenge-iosUITests.xctest"; sourceTree = BUILT_PRODUCTS_DIR; };
		2BD7BD9D2DDC649500A9F021 /* primo_challenge_iosUITests.swift */ = {isa = PBXFileReference; lastKnownFileType = sourcecode.swift; path = primo_challenge_iosUITests.swift; sourceTree = "<group>"; };
		2BD7BD9F2DDC649500A9F021 /* primo_challenge_iosUITestsLaunchTests.swift */ = {isa = PBXFileReference; lastKnownFileType = sourcecode.swift; path = primo_challenge_iosUITestsLaunchTests.swift; sourceTree = "<group>"; };
		2BD7BDB92DDC752500A9F021 /* ArticleListView.swift */ = {isa = PBXFileReference; lastKnownFileType = sourcecode.swift; path = ArticleListView.swift; sourceTree = "<group>"; };
		2BD7BDBB2DDC79A600A9F021 /* ArticleListViewModel.swift */ = {isa = PBXFileReference; lastKnownFileType = sourcecode.swift; path = ArticleListViewModel.swift; sourceTree = "<group>"; };
		2BD7BDBD2DDC803100A9F021 /* Article.swift */ = {isa = PBXFileReference; lastKnownFileType = sourcecode.swift; path = Article.swift; sourceTree = "<group>"; };
		2BD7BDBF2DDC815300A9F021 /* FetchArticlesUseCase.swift */ = {isa = PBXFileReference; lastKnownFileType = sourcecode.swift; path = FetchArticlesUseCase.swift; sourceTree = "<group>"; };
		2BD7BDC12DDC817E00A9F021 /* ArticlesRepository.swift */ = {isa = PBXFileReference; lastKnownFileType = sourcecode.swift; path = ArticlesRepository.swift; sourceTree = "<group>"; };
		2BD7BDC32DDC823300A9F021 /* ArticleCoreDataService.swift */ = {isa = PBXFileReference; lastKnownFileType = sourcecode.swift; path = ArticleCoreDataService.swift; sourceTree = "<group>"; };
		2BD7BDC52DDC82D500A9F021 /* PersisenceController.swift */ = {isa = PBXFileReference; lastKnownFileType = sourcecode.swift; path = PersisenceController.swift; sourceTree = "<group>"; };
		2BD7BDCA2DDC859500A9F021 /* ArticlesRepositoryImpl.swift */ = {isa = PBXFileReference; lastKnownFileType = sourcecode.swift; path = ArticlesRepositoryImpl.swift; sourceTree = "<group>"; };
		2BD7BDCC2DDC85BD00A9F021 /* ArticleFeedService.swift */ = {isa = PBXFileReference; lastKnownFileType = sourcecode.swift; path = ArticleFeedService.swift; sourceTree = "<group>"; };
		2BD7BDCE2DDC967000A9F021 /* ArticleCardView.swift */ = {isa = PBXFileReference; lastKnownFileType = sourcecode.swift; path = ArticleCardView.swift; sourceTree = "<group>"; };
		2BD7BDD02DDC967E00A9F021 /* ArticleDetailView.swift */ = {isa = PBXFileReference; lastKnownFileType = sourcecode.swift; path = ArticleDetailView.swift; sourceTree = "<group>"; };
		2BD7BDD32DDCAA3400A9F021 /* ArticlesDataModel.xcdatamodel */ = {isa = PBXFileReference; lastKnownFileType = wrapper.xcdatamodel; path = ArticlesDataModel.xcdatamodel; sourceTree = "<group>"; };
		2BD7BDDF2DDD08B000A9F021 /* String+Extension.swift */ = {isa = PBXFileReference; lastKnownFileType = sourcecode.swift; path = "String+Extension.swift"; sourceTree = "<group>"; };
		2BD7BDE12DDD0E5200A9F021 /* HTMLView.swift */ = {isa = PBXFileReference; lastKnownFileType = sourcecode.swift; path = HTMLView.swift; sourceTree = "<group>"; };
		2BD7BDE32DDD19B700A9F021 /* ShimmerViewModifier.swift */ = {isa = PBXFileReference; lastKnownFileType = sourcecode.swift; path = ShimmerViewModifier.swift; sourceTree = "<group>"; };
		2BD7BDE52DDD19EC00A9F021 /* ArticleCardSkeletonView.swift */ = {isa = PBXFileReference; lastKnownFileType = sourcecode.swift; path = ArticleCardSkeletonView.swift; sourceTree = "<group>"; };
		2BD7BDE72DDD77CB00A9F021 /* CapesuleButtonStyle.swift */ = {isa = PBXFileReference; lastKnownFileType = sourcecode.swift; path = CapesuleButtonStyle.swift; sourceTree = "<group>"; };
		2BD7BDEB2DDDB41D00A9F021 /* ArticleFeedServiceImplTests.swift */ = {isa = PBXFileReference; lastKnownFileType = sourcecode.swift; path = ArticleFeedServiceImplTests.swift; sourceTree = "<group>"; };
		2BD7BDED2DDDC66E00A9F021 /* NetworkSession.swift */ = {isa = PBXFileReference; lastKnownFileType = sourcecode.swift; path = NetworkSession.swift; sourceTree = "<group>"; };
		2BD7BDEF2DDDD5F000A9F021 /* ArticleListViewModelTests.swift */ = {isa = PBXFileReference; lastKnownFileType = sourcecode.swift; path = ArticleListViewModelTests.swift; sourceTree = "<group>"; };
		2BD7BDF12DDDDAAD00A9F021 /* ArticleCoreDataServiceImplTests.swift */ = {isa = PBXFileReference; lastKnownFileType = sourcecode.swift; path = ArticleCoreDataServiceImplTests.swift; sourceTree = "<group>"; };
		2BD7BDF52DDE17BD00A9F021 /* Simulator Screenshot - Feeds.png */ = {isa = PBXFileReference; lastKnownFileType = image.png; path = "Simulator Screenshot - Feeds.png"; sourceTree = "<group>"; };
		2BD7BDF72DDE17E600A9F021 /* Simulator Screenshot - Details.png */ = {isa = PBXFileReference; lastKnownFileType = image.png; path = "Simulator Screenshot - Details.png"; sourceTree = "<group>"; };
/* End PBXFileReference section */

/* Begin PBXFrameworksBuildPhase section */
		2BD7BD7C2DDC649300A9F021 /* Frameworks */ = {
			isa = PBXFrameworksBuildPhase;
			buildActionMask = 2147483647;
			files = (
			);
			runOnlyForDeploymentPostprocessing = 0;
		};
		2BD7BD8C2DDC649500A9F021 /* Frameworks */ = {
			isa = PBXFrameworksBuildPhase;
			buildActionMask = 2147483647;
			files = (
			);
			runOnlyForDeploymentPostprocessing = 0;
		};
		2BD7BD962DDC649500A9F021 /* Frameworks */ = {
			isa = PBXFrameworksBuildPhase;
			buildActionMask = 2147483647;
			files = (
			);
			runOnlyForDeploymentPostprocessing = 0;
		};
/* End PBXFrameworksBuildPhase section */

/* Begin PBXGroup section */
		2BD7BD762DDC649300A9F021 = {
			isa = PBXGroup;
			children = (
				2BD7BD812DDC649300A9F021 /* primo-challenge-ios */,
				2BD7BD922DDC649500A9F021 /* primo-challenge-iosTests */,
				2BD7BD9C2DDC649500A9F021 /* primo-challenge-iosUITests */,
				2BD7BD802DDC649300A9F021 /* Products */,
			);
			sourceTree = "<group>";
		};
		2BD7BD802DDC649300A9F021 /* Products */ = {
			isa = PBXGroup;
			children = (
				2BD7BD7F2DDC649300A9F021 /* primo-challenge-ios.app */,
				2BD7BD8F2DDC649500A9F021 /* primo-challenge-iosTests.xctest */,
				2BD7BD992DDC649500A9F021 /* primo-challenge-iosUITests.xctest */,
			);
			name = Products;
			sourceTree = "<group>";
		};
		2BD7BD812DDC649300A9F021 /* primo-challenge-ios */ = {
			isa = PBXGroup;
			children = (
				2BD7BDAC2DDC6A3800A9F021 /* App */,
				2BD7BDAD2DDC6A4400A9F021 /* Presentation */,
				2BD7BDAE2DDC6A5700A9F021 /* Domain */,
				2BD7BDAF2DDC6A6100A9F021 /* Data */,
				2BD7BDB02DDC6B6800A9F021 /* Resources */,
				2BD7BDDE2DDD089B00A9F021 /* Utilities */,
				2BD7BDD92DDCB12F00A9F021 /* CoreData */,
				2BD7BD882DDC649400A9F021 /* Preview Content */,
			);
			path = "primo-challenge-ios";
			sourceTree = "<group>";
		};
		2BD7BD882DDC649400A9F021 /* Preview Content */ = {
			isa = PBXGroup;
			children = (
				2BD7BD892DDC649400A9F021 /* Preview Assets.xcassets */,
			);
			path = "Preview Content";
			sourceTree = "<group>";
		};
		2BD7BD922DDC649500A9F021 /* primo-challenge-iosTests */ = {
			isa = PBXGroup;
			children = (
				2BD7BDEB2DDDB41D00A9F021 /* ArticleFeedServiceImplTests.swift */,
				2BD7BDEF2DDDD5F000A9F021 /* ArticleListViewModelTests.swift */,
				2BD7BDF12DDDDAAD00A9F021 /* ArticleCoreDataServiceImplTests.swift */,
			);
			path = "primo-challenge-iosTests";
			sourceTree = "<group>";
		};
		2BD7BD9C2DDC649500A9F021 /* primo-challenge-iosUITests */ = {
			isa = PBXGroup;
			children = (
				2BD7BD9D2DDC649500A9F021 /* primo_challenge_iosUITests.swift */,
				2BD7BD9F2DDC649500A9F021 /* primo_challenge_iosUITestsLaunchTests.swift */,
			);
			path = "primo-challenge-iosUITests";
			sourceTree = "<group>";
		};
		2BD7BDAC2DDC6A3800A9F021 /* App */ = {
			isa = PBXGroup;
			children = (
				2BD7BD822DDC649300A9F021 /* primo_challenge_iosApp.swift */,
				2BD7BDC52DDC82D500A9F021 /* PersisenceController.swift */,
			);
			path = App;
			sourceTree = "<group>";
		};
		2BD7BDAD2DDC6A4400A9F021 /* Presentation */ = {
			isa = PBXGroup;
			children = (
				2BD7BDB12DDC6BE500A9F021 /* ArticleList */,
			);
			path = Presentation;
			sourceTree = "<group>";
		};
		2BD7BDAE2DDC6A5700A9F021 /* Domain */ = {
			isa = PBXGroup;
			children = (
				2BD7BDB22DDC6BF400A9F021 /* Entities */,
				2BD7BDB32DDC6BFA00A9F021 /* UseCases */,
				2BD7BDB42DDC6C0400A9F021 /* Repositories */,
			);
			path = Domain;
			sourceTree = "<group>";
		};
		2BD7BDAF2DDC6A6100A9F021 /* Data */ = {
			isa = PBXGroup;
			children = (
				2BD7BDB52DDC6C1F00A9F021 /* Remote */,
				2BD7BDB62DDC6C2500A9F021 /* Local */,
				2BD7BDC72DDC855300A9F021 /* RepositoryImpl */,
			);
			path = Data;
			sourceTree = "<group>";
		};
		2BD7BDB02DDC6B6800A9F021 /* Resources */ = {
			isa = PBXGroup;
			children = (
				2BD7BDF42DDE17A500A9F021 /* ScreenShots */,
				2BD7BD862DDC649400A9F021 /* Assets.xcassets */,
			);
			path = Resources;
			sourceTree = "<group>";
		};
		2BD7BDB12DDC6BE500A9F021 /* ArticleList */ = {
			isa = PBXGroup;
			children = (
				2BD7BDB72DDC746C00A9F021 /* View */,
				2BD7BDB82DDC747200A9F021 /* ViewModel */,
			);
			path = ArticleList;
			sourceTree = "<group>";
		};
		2BD7BDB22DDC6BF400A9F021 /* Entities */ = {
			isa = PBXGroup;
			children = (
				2BD7BDBD2DDC803100A9F021 /* Article.swift */,
			);
			path = Entities;
			sourceTree = "<group>";
		};
		2BD7BDB32DDC6BFA00A9F021 /* UseCases */ = {
			isa = PBXGroup;
			children = (
				2BD7BDBF2DDC815300A9F021 /* FetchArticlesUseCase.swift */,
			);
			path = UseCases;
			sourceTree = "<group>";
		};
		2BD7BDB42DDC6C0400A9F021 /* Repositories */ = {
			isa = PBXGroup;
			children = (
				2BD7BDC12DDC817E00A9F021 /* ArticlesRepository.swift */,
			);
			path = Repositories;
			sourceTree = "<group>";
		};
		2BD7BDB52DDC6C1F00A9F021 /* Remote */ = {
			isa = PBXGroup;
			children = (
				2BD7BDCC2DDC85BD00A9F021 /* ArticleFeedService.swift */,
				2BD7BDED2DDDC66E00A9F021 /* NetworkSession.swift */,
			);
			path = Remote;
			sourceTree = "<group>";
		};
		2BD7BDB62DDC6C2500A9F021 /* Local */ = {
			isa = PBXGroup;
			children = (
				2BD7BDC32DDC823300A9F021 /* ArticleCoreDataService.swift */,
			);
			path = Local;
			sourceTree = "<group>";
		};
		2BD7BDB72DDC746C00A9F021 /* View */ = {
			isa = PBXGroup;
			children = (
				2BD7BDB92DDC752500A9F021 /* ArticleListView.swift */,
				2BD7BDCE2DDC967000A9F021 /* ArticleCardView.swift */,
				2BD7BDD02DDC967E00A9F021 /* ArticleDetailView.swift */,
				2BD7BDE52DDD19EC00A9F021 /* ArticleCardSkeletonView.swift */,
			);
			path = View;
			sourceTree = "<group>";
		};
		2BD7BDB82DDC747200A9F021 /* ViewModel */ = {
			isa = PBXGroup;
			children = (
				2BD7BDBB2DDC79A600A9F021 /* ArticleListViewModel.swift */,
			);
			path = ViewModel;
			sourceTree = "<group>";
		};
		2BD7BDC72DDC855300A9F021 /* RepositoryImpl */ = {
			isa = PBXGroup;
			children = (
				2BD7BDCA2DDC859500A9F021 /* ArticlesRepositoryImpl.swift */,
			);
			path = RepositoryImpl;
			sourceTree = "<group>";
		};
		2BD7BDD92DDCB12F00A9F021 /* CoreData */ = {
			isa = PBXGroup;
			children = (
				2BD7BDD22DDCAA3400A9F021 /* ArticlesDatabase.xcdatamodeld */,
			);
			path = CoreData;
			sourceTree = "<group>";
		};
		2BD7BDDE2DDD089B00A9F021 /* Utilities */ = {
			isa = PBXGroup;
			children = (
				2BD7BDDF2DDD08B000A9F021 /* String+Extension.swift */,
				2BD7BDE12DDD0E5200A9F021 /* HTMLView.swift */,
				2BD7BDE32DDD19B700A9F021 /* ShimmerViewModifier.swift */,
				2BD7BDE72DDD77CB00A9F021 /* CapesuleButtonStyle.swift */,
			);
			path = Utilities;
			sourceTree = "<group>";
		};
		2BD7BDF42DDE17A500A9F021 /* ScreenShots */ = {
			isa = PBXGroup;
			children = (
				2BD7BDF52DDE17BD00A9F021 /* Simulator Screenshot - Feeds.png */,
				2BD7BDF72DDE17E600A9F021 /* Simulator Screenshot - Details.png */,
			);
			path = ScreenShots;
			sourceTree = "<group>";
		};
/* End PBXGroup section */

/* Begin PBXNativeTarget section */
		2BD7BD7E2DDC649300A9F021 /* primo-challenge-ios */ = {
			isa = PBXNativeTarget;
			buildConfigurationList = 2BD7BDA32DDC649500A9F021 /* Build configuration list for PBXNativeTarget "primo-challenge-ios" */;
			buildPhases = (
				2BD7BD7B2DDC649300A9F021 /* Sources */,
				2BD7BD7C2DDC649300A9F021 /* Frameworks */,
				2BD7BD7D2DDC649300A9F021 /* Resources */,
			);
			buildRules = (
			);
			dependencies = (
			);
			name = "primo-challenge-ios";
			productName = "primo-challenge-ios";
			productReference = 2BD7BD7F2DDC649300A9F021 /* primo-challenge-ios.app */;
			productType = "com.apple.product-type.application";
		};
		2BD7BD8E2DDC649500A9F021 /* primo-challenge-iosTests */ = {
			isa = PBXNativeTarget;
			buildConfigurationList = 2BD7BDA62DDC649500A9F021 /* Build configuration list for PBXNativeTarget "primo-challenge-iosTests" */;
			buildPhases = (
				2BD7BD8B2DDC649500A9F021 /* Sources */,
				2BD7BD8C2DDC649500A9F021 /* Frameworks */,
				2BD7BD8D2DDC649500A9F021 /* Resources */,
			);
			buildRules = (
			);
			dependencies = (
				2BD7BD912DDC649500A9F021 /* PBXTargetDependency */,
			);
			name = "primo-challenge-iosTests";
			productName = "primo-challenge-iosTests";
			productReference = 2BD7BD8F2DDC649500A9F021 /* primo-challenge-iosTests.xctest */;
			productType = "com.apple.product-type.bundle.unit-test";
		};
		2BD7BD982DDC649500A9F021 /* primo-challenge-iosUITests */ = {
			isa = PBXNativeTarget;
			buildConfigurationList = 2BD7BDA92DDC649500A9F021 /* Build configuration list for PBXNativeTarget "primo-challenge-iosUITests" */;
			buildPhases = (
				2BD7BD952DDC649500A9F021 /* Sources */,
				2BD7BD962DDC649500A9F021 /* Frameworks */,
				2BD7BD972DDC649500A9F021 /* Resources */,
			);
			buildRules = (
			);
			dependencies = (
				2BD7BD9B2DDC649500A9F021 /* PBXTargetDependency */,
			);
			name = "primo-challenge-iosUITests";
			productName = "primo-challenge-iosUITests";
			productReference = 2BD7BD992DDC649500A9F021 /* primo-challenge-iosUITests.xctest */;
			productType = "com.apple.product-type.bundle.ui-testing";
		};
/* End PBXNativeTarget section */

/* Begin PBXProject section */
		2BD7BD772DDC649300A9F021 /* Project object */ = {
			isa = PBXProject;
			attributes = {
				BuildIndependentTargetsInParallel = 1;
				LastSwiftUpdateCheck = 1540;
				LastUpgradeCheck = 1540;
				TargetAttributes = {
					2BD7BD7E2DDC649300A9F021 = {
						CreatedOnToolsVersion = 15.4;
					};
					2BD7BD8E2DDC649500A9F021 = {
						CreatedOnToolsVersion = 15.4;
						TestTargetID = 2BD7BD7E2DDC649300A9F021;
					};
					2BD7BD982DDC649500A9F021 = {
						CreatedOnToolsVersion = 15.4;
						TestTargetID = 2BD7BD7E2DDC649300A9F021;
					};
				};
			};
			buildConfigurationList = 2BD7BD7A2DDC649300A9F021 /* Build configuration list for PBXProject "primo-challenge-ios" */;
			compatibilityVersion = "Xcode 14.0";
			developmentRegion = en;
			hasScannedForEncodings = 0;
			knownRegions = (
				en,
				Base,
			);
			mainGroup = 2BD7BD762DDC649300A9F021;
			productRefGroup = 2BD7BD802DDC649300A9F021 /* Products */;
			projectDirPath = "";
			projectRoot = "";
			targets = (
				2BD7BD7E2DDC649300A9F021 /* primo-challenge-ios */,
				2BD7BD8E2DDC649500A9F021 /* primo-challenge-iosTests */,
				2BD7BD982DDC649500A9F021 /* primo-challenge-iosUITests */,
			);
		};
/* End PBXProject section */

/* Begin PBXResourcesBuildPhase section */
		2BD7BD7D2DDC649300A9F021 /* Resources */ = {
			isa = PBXResourcesBuildPhase;
			buildActionMask = 2147483647;
			files = (
				2BD7BDF82DDE17E600A9F021 /* Simulator Screenshot - Details.png in Resources */,
				2BD7BD8A2DDC649400A9F021 /* Preview Assets.xcassets in Resources */,
				2BD7BD872DDC649400A9F021 /* Assets.xcassets in Resources */,
				2BD7BDF62DDE17BD00A9F021 /* Simulator Screenshot - Feeds.png in Resources */,
			);
			runOnlyForDeploymentPostprocessing = 0;
		};
		2BD7BD8D2DDC649500A9F021 /* Resources */ = {
			isa = PBXResourcesBuildPhase;
			buildActionMask = 2147483647;
			files = (
			);
			runOnlyForDeploymentPostprocessing = 0;
		};
		2BD7BD972DDC649500A9F021 /* Resources */ = {
			isa = PBXResourcesBuildPhase;
			buildActionMask = 2147483647;
			files = (
			);
			runOnlyForDeploymentPostprocessing = 0;
		};
/* End PBXResourcesBuildPhase section */

/* Begin PBXSourcesBuildPhase section */
		2BD7BD7B2DDC649300A9F021 /* Sources */ = {
			isa = PBXSourcesBuildPhase;
			buildActionMask = 2147483647;
			files = (
				2BD7BDE22DDD0E5200A9F021 /* HTMLView.swift in Sources */,
				2BD7BDD12DDC967E00A9F021 /* ArticleDetailView.swift in Sources */,
				2BD7BDC22DDC817E00A9F021 /* ArticlesRepository.swift in Sources */,
				2BD7BDE42DDD19B700A9F021 /* ShimmerViewModifier.swift in Sources */,
				2BD7BDBE2DDC803100A9F021 /* Article.swift in Sources */,
				2BD7BDC62DDC82D500A9F021 /* PersisenceController.swift in Sources */,
				2BD7BDE62DDD19EC00A9F021 /* ArticleCardSkeletonView.swift in Sources */,
				2BD7BDC42DDC823300A9F021 /* ArticleCoreDataService.swift in Sources */,
				2BD7BDCF2DDC967000A9F021 /* ArticleCardView.swift in Sources */,
				2BD7BDE82DDD77CB00A9F021 /* CapesuleButtonStyle.swift in Sources */,
				2BD7BDC02DDC815300A9F021 /* FetchArticlesUseCase.swift in Sources */,
				2BD7BDBA2DDC752500A9F021 /* ArticleListView.swift in Sources */,
				2BD7BDE02DDD08B000A9F021 /* String+Extension.swift in Sources */,
				2BD7BDD42DDCAA3400A9F021 /* ArticlesDatabase.xcdatamodeld in Sources */,
				2BD7BDCB2DDC859500A9F021 /* ArticlesRepositoryImpl.swift in Sources */,
				2BD7BDBC2DDC79A600A9F021 /* ArticleListViewModel.swift in Sources */,
				2BD7BDEE2DDDC66E00A9F021 /* NetworkSession.swift in Sources */,
				2BD7BDCD2DDC85BD00A9F021 /* ArticleFeedService.swift in Sources */,
				2BD7BD832DDC649300A9F021 /* primo_challenge_iosApp.swift in Sources */,
			);
			runOnlyForDeploymentPostprocessing = 0;
		};
		2BD7BD8B2DDC649500A9F021 /* Sources */ = {
			isa = PBXSourcesBuildPhase;
			buildActionMask = 2147483647;
			files = (
				2BD7BDEC2DDDB41D00A9F021 /* ArticleFeedServiceImplTests.swift in Sources */,
				2BD7BDF22DDDDAAD00A9F021 /* ArticleCoreDataServiceImplTests.swift in Sources */,
				2BD7BDF32DDDE03000A9F021 /* ArticlesDatabase.xcdatamodeld in Sources */,
				2BD7BDF02DDDD5F100A9F021 /* ArticleListViewModelTests.swift in Sources */,
			);
			runOnlyForDeploymentPostprocessing = 0;
		};
		2BD7BD952DDC649500A9F021 /* Sources */ = {
			isa = PBXSourcesBuildPhase;
			buildActionMask = 2147483647;
			files = (
				2BD7BDA02DDC649500A9F021 /* primo_challenge_iosUITestsLaunchTests.swift in Sources */,
				2BD7BD9E2DDC649500A9F021 /* primo_challenge_iosUITests.swift in Sources */,
			);
			runOnlyForDeploymentPostprocessing = 0;
		};
/* End PBXSourcesBuildPhase section */

/* Begin PBXTargetDependency section */
		2BD7BD912DDC649500A9F021 /* PBXTargetDependency */ = {
			isa = PBXTargetDependency;
			target = 2BD7BD7E2DDC649300A9F021 /* primo-challenge-ios */;
			targetProxy = 2BD7BD902DDC649500A9F021 /* PBXContainerItemProxy */;
		};
		2BD7BD9B2DDC649500A9F021 /* PBXTargetDependency */ = {
			isa = PBXTargetDependency;
			target = 2BD7BD7E2DDC649300A9F021 /* primo-challenge-ios */;
			targetProxy = 2BD7BD9A2DDC649500A9F021 /* PBXContainerItemProxy */;
		};
/* End PBXTargetDependency section */

/* Begin XCBuildConfiguration section */
		2BD7BDA12DDC649500A9F021 /* Debug */ = {
			isa = XCBuildConfiguration;
			buildSettings = {
				ALWAYS_SEARCH_USER_PATHS = NO;
				ASSETCATALOG_COMPILER_GENERATE_SWIFT_ASSET_SYMBOL_EXTENSIONS = YES;
				CLANG_ANALYZER_NONNULL = YES;
				CLANG_ANALYZER_NUMBER_OBJECT_CONVERSION = YES_AGGRESSIVE;
				CLANG_CXX_LANGUAGE_STANDARD = "gnu++20";
				CLANG_ENABLE_MODULES = YES;
				CLANG_ENABLE_OBJC_ARC = YES;
				CLANG_ENABLE_OBJC_WEAK = YES;
				CLANG_WARN_BLOCK_CAPTURE_AUTORELEASING = YES;
				CLANG_WARN_BOOL_CONVERSION = YES;
				CLANG_WARN_COMMA = YES;
				CLANG_WARN_CONSTANT_CONVERSION = YES;
				CLANG_WARN_DEPRECATED_OBJC_IMPLEMENTATIONS = YES;
				CLANG_WARN_DIRECT_OBJC_ISA_USAGE = YES_ERROR;
				CLANG_WARN_DOCUMENTATION_COMMENTS = YES;
				CLANG_WARN_EMPTY_BODY = YES;
				CLANG_WARN_ENUM_CONVERSION = YES;
				CLANG_WARN_INFINITE_RECURSION = YES;
				CLANG_WARN_INT_CONVERSION = YES;
				CLANG_WARN_NON_LITERAL_NULL_CONVERSION = YES;
				CLANG_WARN_OBJC_IMPLICIT_RETAIN_SELF = YES;
				CLANG_WARN_OBJC_LITERAL_CONVERSION = YES;
				CLANG_WARN_OBJC_ROOT_CLASS = YES_ERROR;
				CLANG_WARN_QUOTED_INCLUDE_IN_FRAMEWORK_HEADER = YES;
				CLANG_WARN_RANGE_LOOP_ANALYSIS = YES;
				CLANG_WARN_STRICT_PROTOTYPES = YES;
				CLANG_WARN_SUSPICIOUS_MOVE = YES;
				CLANG_WARN_UNGUARDED_AVAILABILITY = YES_AGGRESSIVE;
				CLANG_WARN_UNREACHABLE_CODE = YES;
				CLANG_WARN__DUPLICATE_METHOD_MATCH = YES;
				COPY_PHASE_STRIP = NO;
				DEBUG_INFORMATION_FORMAT = dwarf;
				ENABLE_STRICT_OBJC_MSGSEND = YES;
				ENABLE_TESTABILITY = YES;
				ENABLE_USER_SCRIPT_SANDBOXING = YES;
				GCC_C_LANGUAGE_STANDARD = gnu17;
				GCC_DYNAMIC_NO_PIC = NO;
				GCC_NO_COMMON_BLOCKS = YES;
				GCC_OPTIMIZATION_LEVEL = 0;
				GCC_PREPROCESSOR_DEFINITIONS = (
					"DEBUG=1",
					"$(inherited)",
				);
				GCC_WARN_64_TO_32_BIT_CONVERSION = YES;
				GCC_WARN_ABOUT_RETURN_TYPE = YES_ERROR;
				GCC_WARN_UNDECLARED_SELECTOR = YES;
				GCC_WARN_UNINITIALIZED_AUTOS = YES_AGGRESSIVE;
				GCC_WARN_UNUSED_FUNCTION = YES;
				GCC_WARN_UNUSED_VARIABLE = YES;
				IPHONEOS_DEPLOYMENT_TARGET = 17.5;
				LOCALIZATION_PREFERS_STRING_CATALOGS = YES;
				MTL_ENABLE_DEBUG_INFO = INCLUDE_SOURCE;
				MTL_FAST_MATH = YES;
				ONLY_ACTIVE_ARCH = YES;
				SDKROOT = iphoneos;
				SWIFT_ACTIVE_COMPILATION_CONDITIONS = "DEBUG $(inherited)";
				SWIFT_OPTIMIZATION_LEVEL = "-Onone";
			};
			name = Debug;
		};
		2BD7BDA22DDC649500A9F021 /* Release */ = {
			isa = XCBuildConfiguration;
			buildSettings = {
				ALWAYS_SEARCH_USER_PATHS = NO;
				ASSETCATALOG_COMPILER_GENERATE_SWIFT_ASSET_SYMBOL_EXTENSIONS = YES;
				CLANG_ANALYZER_NONNULL = YES;
				CLANG_ANALYZER_NUMBER_OBJECT_CONVERSION = YES_AGGRESSIVE;
				CLANG_CXX_LANGUAGE_STANDARD = "gnu++20";
				CLANG_ENABLE_MODULES = YES;
				CLANG_ENABLE_OBJC_ARC = YES;
				CLANG_ENABLE_OBJC_WEAK = YES;
				CLANG_WARN_BLOCK_CAPTURE_AUTORELEASING = YES;
				CLANG_WARN_BOOL_CONVERSION = YES;
				CLANG_WARN_COMMA = YES;
				CLANG_WARN_CONSTANT_CONVERSION = YES;
				CLANG_WARN_DEPRECATED_OBJC_IMPLEMENTATIONS = YES;
				CLANG_WARN_DIRECT_OBJC_ISA_USAGE = YES_ERROR;
				CLANG_WARN_DOCUMENTATION_COMMENTS = YES;
				CLANG_WARN_EMPTY_BODY = YES;
				CLANG_WARN_ENUM_CONVERSION = YES;
				CLANG_WARN_INFINITE_RECURSION = YES;
				CLANG_WARN_INT_CONVERSION = YES;
				CLANG_WARN_NON_LITERAL_NULL_CONVERSION = YES;
				CLANG_WARN_OBJC_IMPLICIT_RETAIN_SELF = YES;
				CLANG_WARN_OBJC_LITERAL_CONVERSION = YES;
				CLANG_WARN_OBJC_ROOT_CLASS = YES_ERROR;
				CLANG_WARN_QUOTED_INCLUDE_IN_FRAMEWORK_HEADER = YES;
				CLANG_WARN_RANGE_LOOP_ANALYSIS = YES;
				CLANG_WARN_STRICT_PROTOTYPES = YES;
				CLANG_WARN_SUSPICIOUS_MOVE = YES;
				CLANG_WARN_UNGUARDED_AVAILABILITY = YES_AGGRESSIVE;
				CLANG_WARN_UNREACHABLE_CODE = YES;
				CLANG_WARN__DUPLICATE_METHOD_MATCH = YES;
				COPY_PHASE_STRIP = NO;
				DEBUG_INFORMATION_FORMAT = "dwarf-with-dsym";
				ENABLE_NS_ASSERTIONS = NO;
				ENABLE_STRICT_OBJC_MSGSEND = YES;
				ENABLE_USER_SCRIPT_SANDBOXING = YES;
				GCC_C_LANGUAGE_STANDARD = gnu17;
				GCC_NO_COMMON_BLOCKS = YES;
				GCC_WARN_64_TO_32_BIT_CONVERSION = YES;
				GCC_WARN_ABOUT_RETURN_TYPE = YES_ERROR;
				GCC_WARN_UNDECLARED_SELECTOR = YES;
				GCC_WARN_UNINITIALIZED_AUTOS = YES_AGGRESSIVE;
				GCC_WARN_UNUSED_FUNCTION = YES;
				GCC_WARN_UNUSED_VARIABLE = YES;
				IPHONEOS_DEPLOYMENT_TARGET = 17.5;
				LOCALIZATION_PREFERS_STRING_CATALOGS = YES;
				MTL_ENABLE_DEBUG_INFO = NO;
				MTL_FAST_MATH = YES;
				SDKROOT = iphoneos;
				SWIFT_COMPILATION_MODE = wholemodule;
				VALIDATE_PRODUCT = YES;
			};
			name = Release;
		};
		2BD7BDA42DDC649500A9F021 /* Debug */ = {
			isa = XCBuildConfiguration;
			buildSettings = {
				ASSETCATALOG_COMPILER_APPICON_NAME = AppIcon;
				ASSETCATALOG_COMPILER_GLOBAL_ACCENT_COLOR_NAME = AccentColor;
				CODE_SIGN_STYLE = Automatic;
				CURRENT_PROJECT_VERSION = 1;
				DEVELOPMENT_ASSET_PATHS = "\"primo-challenge-ios/Preview Content\"";
				DEVELOPMENT_TEAM = 8A8VNC6KC9;
				ENABLE_PREVIEWS = YES;
				GENERATE_INFOPLIST_FILE = YES;
				INFOPLIST_KEY_CFBundleDisplayName = Primo;
				INFOPLIST_KEY_LSApplicationCategoryType = "public.app-category.education";
				INFOPLIST_KEY_UIApplicationSceneManifest_Generation = YES;
				INFOPLIST_KEY_UIApplicationSupportsIndirectInputEvents = YES;
				INFOPLIST_KEY_UILaunchScreen_Generation = YES;
				INFOPLIST_KEY_UISupportedInterfaceOrientations_iPad = "UIInterfaceOrientationPortrait UIInterfaceOrientationPortraitUpsideDown UIInterfaceOrientationLandscapeLeft UIInterfaceOrientationLandscapeRight";
				INFOPLIST_KEY_UISupportedInterfaceOrientations_iPhone = "UIInterfaceOrientationPortrait UIInterfaceOrientationLandscapeLeft UIInterfaceOrientationLandscapeRight";
				LD_RUNPATH_SEARCH_PATHS = (
					"$(inherited)",
					"@executable_path/Frameworks",
				);
				MARKETING_VERSION = 1.0;
				PRODUCT_BUNDLE_IDENTIFIER = "simon.siwell.uk.primo-challenge-ios";
				PRODUCT_NAME = "$(TARGET_NAME)";
				SWIFT_EMIT_LOC_STRINGS = YES;
				SWIFT_VERSION = 5.0;
				TARGETED_DEVICE_FAMILY = "1,2";
			};
			name = Debug;
		};
		2BD7BDA52DDC649500A9F021 /* Release */ = {
			isa = XCBuildConfiguration;
			buildSettings = {
				ASSETCATALOG_COMPILER_APPICON_NAME = AppIcon;
				ASSETCATALOG_COMPILER_GLOBAL_ACCENT_COLOR_NAME = AccentColor;
				CODE_SIGN_STYLE = Automatic;
				CURRENT_PROJECT_VERSION = 1;
				DEVELOPMENT_ASSET_PATHS = "\"primo-challenge-ios/Preview Content\"";
				DEVELOPMENT_TEAM = 8A8VNC6KC9;
				ENABLE_PREVIEWS = YES;
				GENERATE_INFOPLIST_FILE = YES;
				INFOPLIST_KEY_CFBundleDisplayName = Primo;
				INFOPLIST_KEY_LSApplicationCategoryType = "public.app-category.education";
				INFOPLIST_KEY_UIApplicationSceneManifest_Generation = YES;
				INFOPLIST_KEY_UIApplicationSupportsIndirectInputEvents = YES;
				INFOPLIST_KEY_UILaunchScreen_Generation = YES;
				INFOPLIST_KEY_UISupportedInterfaceOrientations_iPad = "UIInterfaceOrientationPortrait UIInterfaceOrientationPortraitUpsideDown UIInterfaceOrientationLandscapeLeft UIInterfaceOrientationLandscapeRight";
				INFOPLIST_KEY_UISupportedInterfaceOrientations_iPhone = "UIInterfaceOrientationPortrait UIInterfaceOrientationLandscapeLeft UIInterfaceOrientationLandscapeRight";
				LD_RUNPATH_SEARCH_PATHS = (
					"$(inherited)",
					"@executable_path/Frameworks",
				);
				MARKETING_VERSION = 1.0;
				PRODUCT_BUNDLE_IDENTIFIER = "simon.siwell.uk.primo-challenge-ios";
				PRODUCT_NAME = "$(TARGET_NAME)";
				SWIFT_EMIT_LOC_STRINGS = YES;
				SWIFT_VERSION = 5.0;
				TARGETED_DEVICE_FAMILY = "1,2";
			};
			name = Release;
		};
		2BD7BDA72DDC649500A9F021 /* Debug */ = {
			isa = XCBuildConfiguration;
			buildSettings = {
				ALWAYS_EMBED_SWIFT_STANDARD_LIBRARIES = YES;
				BUNDLE_LOADER = "$(TEST_HOST)";
				CODE_SIGN_STYLE = Automatic;
				CURRENT_PROJECT_VERSION = 1;
				DEVELOPMENT_TEAM = 8A8VNC6KC9;
				GENERATE_INFOPLIST_FILE = YES;
				IPHONEOS_DEPLOYMENT_TARGET = 17.5;
				MARKETING_VERSION = 1.0;
				PRODUCT_BUNDLE_IDENTIFIER = "simon.siwell.uk.primo-challenge-iosTests";
				PRODUCT_NAME = "$(TARGET_NAME)";
				SWIFT_EMIT_LOC_STRINGS = NO;
				SWIFT_VERSION = 5.0;
				TARGETED_DEVICE_FAMILY = "1,2";
				TEST_HOST = "$(BUILT_PRODUCTS_DIR)/primo-challenge-ios.app/$(BUNDLE_EXECUTABLE_FOLDER_PATH)/primo-challenge-ios";
			};
			name = Debug;
		};
		2BD7BDA82DDC649500A9F021 /* Release */ = {
			isa = XCBuildConfiguration;
			buildSettings = {
				ALWAYS_EMBED_SWIFT_STANDARD_LIBRARIES = YES;
				BUNDLE_LOADER = "$(TEST_HOST)";
				CODE_SIGN_STYLE = Automatic;
				CURRENT_PROJECT_VERSION = 1;
				DEVELOPMENT_TEAM = 8A8VNC6KC9;
				GENERATE_INFOPLIST_FILE = YES;
				IPHONEOS_DEPLOYMENT_TARGET = 17.5;
				MARKETING_VERSION = 1.0;
				PRODUCT_BUNDLE_IDENTIFIER = "simon.siwell.uk.primo-challenge-iosTests";
				PRODUCT_NAME = "$(TARGET_NAME)";
				SWIFT_EMIT_LOC_STRINGS = NO;
				SWIFT_VERSION = 5.0;
				TARGETED_DEVICE_FAMILY = "1,2";
				TEST_HOST = "$(BUILT_PRODUCTS_DIR)/primo-challenge-ios.app/$(BUNDLE_EXECUTABLE_FOLDER_PATH)/primo-challenge-ios";
			};
			name = Release;
		};
		2BD7BDAA2DDC649500A9F021 /* Debug */ = {
			isa = XCBuildConfiguration;
			buildSettings = {
				ALWAYS_EMBED_SWIFT_STANDARD_LIBRARIES = YES;
				CODE_SIGN_STYLE = Automatic;
				CURRENT_PROJECT_VERSION = 1;
				DEVELOPMENT_TEAM = 8A8VNC6KC9;
				GENERATE_INFOPLIST_FILE = YES;
				MARKETING_VERSION = 1.0;
				PRODUCT_BUNDLE_IDENTIFIER = "simon.siwell.uk.primo-challenge-iosUITests";
				PRODUCT_NAME = "$(TARGET_NAME)";
				SWIFT_EMIT_LOC_STRINGS = NO;
				SWIFT_VERSION = 5.0;
				TARGETED_DEVICE_FAMILY = "1,2";
				TEST_TARGET_NAME = "primo-challenge-ios";
			};
			name = Debug;
		};
		2BD7BDAB2DDC649500A9F021 /* Release */ = {
			isa = XCBuildConfiguration;
			buildSettings = {
				ALWAYS_EMBED_SWIFT_STANDARD_LIBRARIES = YES;
				CODE_SIGN_STYLE = Automatic;
				CURRENT_PROJECT_VERSION = 1;
				DEVELOPMENT_TEAM = 8A8VNC6KC9;
				GENERATE_INFOPLIST_FILE = YES;
				MARKETING_VERSION = 1.0;
				PRODUCT_BUNDLE_IDENTIFIER = "simon.siwell.uk.primo-challenge-iosUITests";
				PRODUCT_NAME = "$(TARGET_NAME)";
				SWIFT_EMIT_LOC_STRINGS = NO;
				SWIFT_VERSION = 5.0;
				TARGETED_DEVICE_FAMILY = "1,2";
				TEST_TARGET_NAME = "primo-challenge-ios";
			};
			name = Release;
		};
/* End XCBuildConfiguration section */

/* Begin XCConfigurationList section */
		2BD7BD7A2DDC649300A9F021 /* Build configuration list for PBXProject "primo-challenge-ios" */ = {
			isa = XCConfigurationList;
			buildConfigurations = (
				2BD7BDA12DDC649500A9F021 /* Debug */,
				2BD7BDA22DDC649500A9F021 /* Release */,
			);
			defaultConfigurationIsVisible = 0;
			defaultConfigurationName = Release;
		};
		2BD7BDA32DDC649500A9F021 /* Build configuration list for PBXNativeTarget "primo-challenge-ios" */ = {
			isa = XCConfigurationList;
			buildConfigurations = (
				2BD7BDA42DDC649500A9F021 /* Debug */,
				2BD7BDA52DDC649500A9F021 /* Release */,
			);
			defaultConfigurationIsVisible = 0;
			defaultConfigurationName = Release;
		};
		2BD7BDA62DDC649500A9F021 /* Build configuration list for PBXNativeTarget "primo-challenge-iosTests" */ = {
			isa = XCConfigurationList;
			buildConfigurations = (
				2BD7BDA72DDC649500A9F021 /* Debug */,
				2BD7BDA82DDC649500A9F021 /* Release */,
			);
			defaultConfigurationIsVisible = 0;
			defaultConfigurationName = Release;
		};
		2BD7BDA92DDC649500A9F021 /* Build configuration list for PBXNativeTarget "primo-challenge-iosUITests" */ = {
			isa = XCConfigurationList;
			buildConfigurations = (
				2BD7BDAA2DDC649500A9F021 /* Debug */,
				2BD7BDAB2DDC649500A9F021 /* Release */,
			);
			defaultConfigurationIsVisible = 0;
			defaultConfigurationName = Release;
		};
/* End XCConfigurationList section */

/* Begin XCVersionGroup section */
		2BD7BDD22DDCAA3400A9F021 /* ArticlesDatabase.xcdatamodeld */ = {
			isa = XCVersionGroup;
			children = (
				2BD7BDD32DDCAA3400A9F021 /* ArticlesDataModel.xcdatamodel */,
			);
			currentVersion = 2BD7BDD32DDCAA3400A9F021 /* ArticlesDataModel.xcdatamodel */;
			path = ArticlesDatabase.xcdatamodeld;
			sourceTree = "<group>";
			versionGroupType = wrapper.xcdatamodel;
		};
/* End XCVersionGroup section */
	};
	rootObject = 2BD7BD772DDC649300A9F021 /* Project object */;
}
